<?xml version="1.0" encoding="utf-8"?>
<Project ToolsVersion="4.0" xmlns="http://schemas.microsoft.com/developer/msbuild/2003">
  <ItemGroup>
    <Filter Include="GE">
      <UniqueIdentifier>{B1735900-9DFF-870B-06AE-880BF258880B}</UniqueIdentifier>
    </Filter>
    <Filter Include="GE\Events">
      <UniqueIdentifier>{75EED3B9-E158-8830-2A97-39D696406685}</UniqueIdentifier>
    </Filter>
  </ItemGroup>
  <ItemGroup>
    <ClInclude Include="src\GE\Application.h">
      <Filter>GE</Filter>
    </ClInclude>
    <ClInclude Include="src\GE\Core.h">
      <Filter>GE</Filter>
    </ClInclude>
    <ClInclude Include="src\GE\EntryPoint.h">
      <Filter>GE</Filter>
    </ClInclude>
    <ClInclude Include="src\GE\Events\ApplicationEvent.h">
      <Filter>GE\Events</Filter>
    </ClInclude>
    <ClInclude Include="src\GE\Events\Event.h">
      <Filter>GE\Events</Filter>
    </ClInclude>
    <ClInclude Include="src\GE\Events\KeyEvent.h">
      <Filter>GE\Events</Filter>
    </ClInclude>
    <ClInclude Include="src\GE\Events\MouseEvent.h">
      <Filter>GE\Events</Filter>
    </ClInclude>
    <ClInclude Include="src\GE\Log.h">
      <Filter>GE</Filter>
    </ClInclude>
    <ClInclude Include="src\GameEngine.h" />
  </ItemGroup>
  <ItemGroup>
    <ClCompile Include="src\GE\Application.cpp">
      <Filter>GE</Filter>
    </ClCompile>
    <ClCompile Include="src\GE\Log.cpp">
      <Filter>GE</Filter>
    </ClCompile>
  </ItemGroup>
</Project>